
Microsoft Visual Studio Solution File, Format Version 12.00
# Visual Studio Version 17
VisualStudioVersion = 17.9.34728.123
MinimumVisualStudioVersion = 10.0.40219.1
Project("{FAE04EC0-301F-11D3-BF4B-00C04F79EFBC}") = "BairroConnectAPI", "BairroConnectAPI.csproj", "{EB42A251-1E8F-442B-B88A-82DD314A5FAA}"
EndProject
Global
	GlobalSection(SolutionConfigurationPlatforms) = preSolution
		Debug|Any CPU = Debug|Any CPU
		Release|Any CPU = Release|Any CPU
	EndGlobalSection
	GlobalSection(ProjectConfigurationPlatforms) = postSolution
		{EB42A251-1E8F-442B-B88A-82DD314A5FAA}.Debug|Any CPU.ActiveCfg = Debug|Any CPU
		{EB42A251-1E8F-442B-B88A-82DD314A5FAA}.Debug|Any CPU.Build.0 = Debug|Any CPU
		{EB42A251-1E8F-442B-B88A-82DD314A5FAA}.Release|Any CPU.ActiveCfg = Release|Any CPU
		{EB42A251-1E8F-442B-B88A-82DD314A5FAA}.Release|Any CPU.Build.0 = Release|Any CPU
	EndGlobalSection
	GlobalSection(SolutionProperties) = preSolution
		HideSolutionNode = FALSE
	EndGlobalSection
	GlobalSection(ExtensibilityGlobals) = postSolution
		SolutionGuid = {A82F591A-2C1A-46B4-B997-F595F468E2F5}
	EndGlobalSection
EndGlobal
